// !$*UTF8*$!
{
	archiveVersion = 1;
	classes = {
	};
	objectVersion = 46;
	objects = {

/* Begin PBXBuildFile section */
		BD2CD7361EFCFCA300A60287 /* main.m in Sources */ = {isa = PBXBuildFile; fileRef = BD2CD7351EFCFCA300A60287 /* main.m */; };
		BD2CD7391EFCFCA300A60287 /* AppDelegate.m in Sources */ = {isa = PBXBuildFile; fileRef = BD2CD7381EFCFCA300A60287 /* AppDelegate.m */; };
		BD2CD73C1EFCFCA300A60287 /* ViewController.m in Sources */ = {isa = PBXBuildFile; fileRef = BD2CD73B1EFCFCA300A60287 /* ViewController.m */; };
		BD2CD73F1EFCFCA300A60287 /* Main.storyboard in Resources */ = {isa = PBXBuildFile; fileRef = BD2CD73D1EFCFCA300A60287 /* Main.storyboard */; };
		BD2CD7411EFCFCA300A60287 /* Assets.xcassets in Resources */ = {isa = PBXBuildFile; fileRef = BD2CD7401EFCFCA300A60287 /* Assets.xcassets */; };
		BD2CD7441EFCFCA300A60287 /* LaunchScreen.storyboard in Resources */ = {isa = PBXBuildFile; fileRef = BD2CD7421EFCFCA300A60287 /* LaunchScreen.storyboard */; };
		BD2CD74F1EFCFCA300A60287 /* Caipiao_appTests.m in Sources */ = {isa = PBXBuildFile; fileRef = BD2CD74E1EFCFCA300A60287 /* Caipiao_appTests.m */; };
		BD2CD75A1EFCFCA300A60287 /* Caipiao_appUITests.m in Sources */ = {isa = PBXBuildFile; fileRef = BD2CD7591EFCFCA300A60287 /* Caipiao_appUITests.m */; };
/* End PBXBuildFile section */

/* Begin PBXContainerItemProxy section */
		BD2CD74B1EFCFCA300A60287 /* PBXContainerItemProxy */ = {
			isa = PBXContainerItemProxy;
			containerPortal = BD2CD7291EFCFCA300A60287 /* Project object */;
			proxyType = 1;
			remoteGlobalIDString = BD2CD7301EFCFCA300A60287;
			remoteInfo = Caipiao_app;
		};
		BD2CD7561EFCFCA300A60287 /* PBXContainerItemProxy */ = {
			isa = PBXContainerItemProxy;
			containerPortal = BD2CD7291EFCFCA300A60287 /* Project object */;
			proxyType = 1;
			remoteGlobalIDString = BD2CD7301EFCFCA300A60287;
			remoteInfo = Caipiao_app;
		};
/* End PBXContainerItemProxy section */

/* Begin PBXFileReference section */
		BD2CD7311EFCFCA300A60287 /* Caipiao_app.app */ = {isa = PBXFileReference; explicitFileType = wrapper.application; includeInIndex = 0; path = Caipiao_app.app; sourceTree = BUILT_PRODUCTS_DIR; };
		BD2CD7351EFCFCA300A60287 /* main.m */ = {isa = PBXFileReference; lastKnownFileType = sourcecode.c.objc; path = main.m; sourceTree = "<group>"; };
		BD2CD7371EFCFCA300A60287 /* AppDelegate.h */ = {isa = PBXFileReference; lastKnownFileType = sourcecode.c.h; path = AppDelegate.h; sourceTree = "<group>"; };
		BD2CD7381EFCFCA300A60287 /* AppDelegate.m */ = {isa = PBXFileReference; lastKnownFileType = sourcecode.c.objc; path = AppDelegate.m; sourceTree = "<group>"; };
		BD2CD73A1EFCFCA300A60287 /* ViewController.h */ = {isa = PBXFileReference; lastKnownFileType = sourcecode.c.h; path = ViewController.h; sourceTree = "<group>"; };
		BD2CD73B1EFCFCA300A60287 /* ViewController.m */ = {isa = PBXFileReference; lastKnownFileType = sourcecode.c.objc; path = ViewController.m; sourceTree = "<group>"; };
		BD2CD73E1EFCFCA300A60287 /* Base */ = {isa = PBXFileReference; lastKnownFileType = file.storyboard; name = Base; path = Base.lproj/Main.storyboard; sourceTree = "<group>"; };
		BD2CD7401EFCFCA300A60287 /* Assets.xcassets */ = {isa = PBXFileReference; lastKnownFileType = folder.assetcatalog; path = Assets.xcassets; sourceTree = "<group>"; };
		BD2CD7431EFCFCA300A60287 /* Base */ = {isa = PBXFileReference; lastKnownFileType = file.storyboard; name = Base; path = Base.lproj/LaunchScreen.storyboard; sourceTree = "<group>"; };
		BD2CD7451EFCFCA300A60287 /* Info.plist */ = {isa = PBXFileReference; lastKnownFileType = text.plist.xml; path = Info.plist; sourceTree = "<group>"; };
		BD2CD74A1EFCFCA300A60287 /* Caipiao_appTests.xctest */ = {isa = PBXFileReference; explicitFileType = wrapper.cfbundle; includeInIndex = 0; path = Caipiao_appTests.xctest; sourceTree = BUILT_PRODUCTS_DIR; };
		BD2CD74E1EFCFCA300A60287 /* Caipiao_appTests.m */ = {isa = PBXFileReference; lastKnownFileType = sourcecode.c.objc; path = Caipiao_appTests.m; sourceTree = "<group>"; };
		BD2CD7501EFCFCA300A60287 /* Info.plist */ = {isa = PBXFileReference; lastKnownFileType = text.plist.xml; path = Info.plist; sourceTree = "<group>"; };
		BD2CD7551EFCFCA300A60287 /* Caipiao_appUITests.xctest */ = {isa = PBXFileReference; explicitFileType = wrapper.cfbundle; includeInIndex = 0; path = Caipiao_appUITests.xctest; sourceTree = BUILT_PRODUCTS_DIR; };
		BD2CD7591EFCFCA300A60287 /* Caipiao_appUITests.m */ = {isa = PBXFileReference; lastKnownFileType = sourcecode.c.objc; path = Caipiao_appUITests.m; sourceTree = "<group>"; };
		BD2CD75B1EFCFCA300A60287 /* Info.plist */ = {isa = PBXFileReference; lastKnownFileType = text.plist.xml; path = Info.plist; sourceTree = "<group>"; };
/* End PBXFileReference section */

/* Begin PBXFrameworksBuildPhase section */
		BD2CD72E1EFCFCA300A60287 /* Frameworks */ = {
			isa = PBXFrameworksBuildPhase;
			buildActionMask = 2147483647;
			files = (
			);
			runOnlyForDeploymentPostprocessing = 0;
		};
		BD2CD7471EFCFCA300A60287 /* Frameworks */ = {
			isa = PBXFrameworksBuildPhase;
			buildActionMask = 2147483647;
			files = (
			);
			runOnlyForDeploymentPostprocessing = 0;
		};
		BD2CD7521EFCFCA300A60287 /* Frameworks */ = {
			isa = PBXFrameworksBuildPhase;
			buildActionMask = 2147483647;
			files = (
			);
			runOnlyForDeploymentPostprocessing = 0;
		};
/* End PBXFrameworksBuildPhase section */

/* Begin PBXGroup section */
		BD2CD7281EFCFCA300A60287 = {
			isa = PBXGroup;
			children = (
				BD2CD7331EFCFCA300A60287 /* Caipiao_app */,
				BD2CD74D1EFCFCA300A60287 /* Caipiao_appTests */,
				BD2CD7581EFCFCA300A60287 /* Caipiao_appUITests */,
				BD2CD7321EFCFCA300A60287 /* Products */,
			);
			sourceTree = "<group>";
		};
		BD2CD7321EFCFCA300A60287 /* Products */ = {
			isa = PBXGroup;
			children = (
				BD2CD7311EFCFCA300A60287 /* Caipiao_app.app */,
				BD2CD74A1EFCFCA300A60287 /* Caipiao_appTests.xctest */,
				BD2CD7551EFCFCA300A60287 /* Caipiao_appUITests.xctest */,
			);
			name = Products;
			sourceTree = "<group>";
		};
		BD2CD7331EFCFCA300A60287 /* Caipiao_app */ = {
			isa = PBXGroup;
			children = (
				BD2CD7371EFCFCA300A60287 /* AppDelegate.h */,
				BD2CD7381EFCFCA300A60287 /* AppDelegate.m */,
				BD2CD73A1EFCFCA300A60287 /* ViewController.h */,
				BD2CD73B1EFCFCA300A60287 /* ViewController.m */,
				BD2CD73D1EFCFCA300A60287 /* Main.storyboard */,
				BD2CD7401EFCFCA300A60287 /* Assets.xcassets */,
				BD2CD7421EFCFCA300A60287 /* LaunchScreen.storyboard */,
				BD2CD7451EFCFCA300A60287 /* Info.plist */,
				BD2CD7341EFCFCA300A60287 /* Supporting Files */,
			);
			path = Caipiao_app;
			sourceTree = "<group>";
		};
		BD2CD7341EFCFCA300A60287 /* Supporting Files */ = {
			isa = PBXGroup;
			children = (
				BD2CD7351EFCFCA300A60287 /* main.m */,
			);
			name = "Supporting Files";
			sourceTree = "<group>";
		};
		BD2CD74D1EFCFCA300A60287 /* Caipiao_appTests */ = {
			isa = PBXGroup;
			children = (
				BD2CD74E1EFCFCA300A60287 /* Caipiao_appTests.m */,
				BD2CD7501EFCFCA300A60287 /* Info.plist */,
			);
			path = Caipiao_appTests;
			sourceTree = "<group>";
		};
		BD2CD7581EFCFCA300A60287 /* Caipiao_appUITests */ = {
			isa = PBXGroup;
			children = (
				BD2CD7591EFCFCA300A60287 /* Caipiao_appUITests.m */,
				BD2CD75B1EFCFCA300A60287 /* Info.plist */,
			);
			path = Caipiao_appUITests;
			sourceTree = "<group>";
		};
/* End PBXGroup section */

/* Begin PBXNativeTarget section */
		BD2CD7301EFCFCA300A60287 /* Caipiao_app */ = {
			isa = PBXNativeTarget;
			buildConfigurationList = BD2CD75E1EFCFCA300A60287 /* Build configuration list for PBXNativeTarget "Caipiao_app" */;
			buildPhases = (
				BD2CD72D1EFCFCA300A60287 /* Sources */,
				BD2CD72E1EFCFCA300A60287 /* Frameworks */,
				BD2CD72F1EFCFCA300A60287 /* Resources */,
			);
			buildRules = (
			);
			dependencies = (
			);
			name = Caipiao_app;
			productName = Caipiao_app;
			productReference = BD2CD7311EFCFCA300A60287 /* Caipiao_app.app */;
			productType = "com.apple.product-type.application";
		};
		BD2CD7491EFCFCA300A60287 /* Caipiao_appTests */ = {
			isa = PBXNativeTarget;
			buildConfigurationList = BD2CD7611EFCFCA300A60287 /* Build configuration list for PBXNativeTarget "Caipiao_appTests" */;
			buildPhases = (
				BD2CD7461EFCFCA300A60287 /* Sources */,
				BD2CD7471EFCFCA300A60287 /* Frameworks */,
				BD2CD7481EFCFCA300A60287 /* Resources */,
			);
			buildRules = (
			);
			dependencies = (
				BD2CD74C1EFCFCA300A60287 /* PBXTargetDependency */,
			);
			name = Caipiao_appTests;
			productName = Caipiao_appTests;
			productReference = BD2CD74A1EFCFCA300A60287 /* Caipiao_appTests.xctest */;
			productType = "com.apple.product-type.bundle.unit-test";
		};
		BD2CD7541EFCFCA300A60287 /* Caipiao_appUITests */ = {
			isa = PBXNativeTarget;
			buildConfigurationList = BD2CD7641EFCFCA300A60287 /* Build configuration list for PBXNativeTarget "Caipiao_appUITests" */;
			buildPhases = (
				BD2CD7511EFCFCA300A60287 /* Sources */,
				BD2CD7521EFCFCA300A60287 /* Frameworks */,
				BD2CD7531EFCFCA300A60287 /* Resources */,
			);
			buildRules = (
			);
			dependencies = (
				BD2CD7571EFCFCA300A60287 /* PBXTargetDependency */,
			);
			name = Caipiao_appUITests;
			productName = Caipiao_appUITests;
			productReference = BD2CD7551EFCFCA300A60287 /* Caipiao_appUITests.xctest */;
			productType = "com.apple.product-type.bundle.ui-testing";
		};
/* End PBXNativeTarget section */

/* Begin PBXProject section */
		BD2CD7291EFCFCA300A60287 /* Project object */ = {
			isa = PBXProject;
			attributes = {
				LastUpgradeCheck = 0800;
				ORGANIZATIONNAME = xinhao;
				TargetAttributes = {
					BD2CD7301EFCFCA300A60287 = {
						CreatedOnToolsVersion = 8.0;
						DevelopmentTeam = BSGYLY83PB;
						ProvisioningStyle = Automatic;
					};
					BD2CD7491EFCFCA300A60287 = {
						CreatedOnToolsVersion = 8.0;
						DevelopmentTeam = BSGYLY83PB;
						ProvisioningStyle = Automatic;
						TestTargetID = BD2CD7301EFCFCA300A60287;
					};
					BD2CD7541EFCFCA300A60287 = {
						CreatedOnToolsVersion = 8.0;
						DevelopmentTeam = BSGYLY83PB;
						ProvisioningStyle = Automatic;
						TestTargetID = BD2CD7301EFCFCA300A60287;
					};
				};
			};
			buildConfigurationList = BD2CD72C1EFCFCA300A60287 /* Build configuration list for PBXProject "Caipiao_app" */;
			compatibilityVersion = "Xcode 3.2";
			developmentRegion = English;
			hasScannedForEncodings = 0;
			knownRegions = (
				en,
				Base,
			);
			mainGroup = BD2CD7281EFCFCA300A60287;
			productRefGroup = BD2CD7321EFCFCA300A60287 /* Products */;
			projectDirPath = "";
			projectRoot = "";
			targets = (
				BD2CD7301EFCFCA300A60287 /* Caipiao_app */,
				BD2CD7491EFCFCA300A60287 /* Caipiao_appTests */,
				BD2CD7541EFCFCA300A60287 /* Caipiao_appUITests */,
			);
		};
/* End PBXProject section */

/* Begin PBXResourcesBuildPhase section */
		BD2CD72F1EFCFCA300A60287 /* Resources */ = {
			isa = PBXResourcesBuildPhase;
			buildActionMask = 2147483647;
			files = (
				BD2CD7441EFCFCA300A60287 /* LaunchScreen.storyboard in Resources */,
				BD2CD7411EFCFCA300A60287 /* Assets.xcassets in Resources */,
				BD2CD73F1EFCFCA300A60287 /* Main.storyboard in Resources */,
			);
			runOnlyForDeploymentPostprocessing = 0;
		};
		BD2CD7481EFCFCA300A60287 /* Resources */ = {
			isa = PBXResourcesBuildPhase;
			buildActionMask = 2147483647;
			files = (
			);
			runOnlyForDeploymentPostprocessing = 0;
		};
		BD2CD7531EFCFCA300A60287 /* Resources */ = {
			isa = PBXResourcesBuildPhase;
			buildActionMask = 2147483647;
			files = (
			);
			runOnlyForDeploymentPostprocessing = 0;
		};
/* End PBXResourcesBuildPhase section */

/* Begin PBXSourcesBuildPhase section */
		BD2CD72D1EFCFCA300A60287 /* Sources */ = {
			isa = PBXSourcesBuildPhase;
			buildActionMask = 2147483647;
			files = (
				BD2CD73C1EFCFCA300A60287 /* ViewController.m in Sources */,
				BD2CD7391EFCFCA300A60287 /* AppDelegate.m in Sources */,
				BD2CD7361EFCFCA300A60287 /* main.m in Sources */,
			);
			runOnlyForDeploymentPostprocessing = 0;
		};
		BD2CD7461EFCFCA300A60287 /* Sources */ = {
			isa = PBXSourcesBuildPhase;
			buildActionMask = 2147483647;
			files = (
				BD2CD74F1EFCFCA300A60287 /* Caipiao_appTests.m in Sources */,
			);
			runOnlyForDeploymentPostprocessing = 0;
		};
		BD2CD7511EFCFCA300A60287 /* Sources */ = {
			isa = PBXSourcesBuildPhase;
			buildActionMask = 2147483647;
			files = (
				BD2CD75A1EFCFCA300A60287 /* Caipiao_appUITests.m in Sources */,
			);
			runOnlyForDeploymentPostprocessing = 0;
		};
/* End PBXSourcesBuildPhase section */

/* Begin PBXTargetDependency section */
		BD2CD74C1EFCFCA300A60287 /* PBXTargetDependency */ = {
			isa = PBXTargetDependency;
			target = BD2CD7301EFCFCA300A60287 /* Caipiao_app */;
			targetProxy = BD2CD74B1EFCFCA300A60287 /* PBXContainerItemProxy */;
		};
		BD2CD7571EFCFCA300A60287 /* PBXTargetDependency */ = {
			isa = PBXTargetDependency;
			target = BD2CD7301EFCFCA300A60287 /* Caipiao_app */;
			targetProxy = BD2CD7561EFCFCA300A60287 /* PBXContainerItemProxy */;
		};
/* End PBXTargetDependency section */

/* Begin PBXVariantGroup section */
		BD2CD73D1EFCFCA300A60287 /* Main.storyboard */ = {
			isa = PBXVariantGroup;
			children = (
				BD2CD73E1EFCFCA300A60287 /* Base */,
			);
			name = Main.storyboard;
			sourceTree = "<group>";
		};
		BD2CD7421EFCFCA300A60287 /* LaunchScreen.storyboard */ = {
			isa = PBXVariantGroup;
			children = (
				BD2CD7431EFCFCA300A60287 /* Base */,
			);
			name = LaunchScreen.storyboard;
			sourceTree = "<group>";
		};
/* End PBXVariantGroup section */

/* Begin XCBuildConfiguration section */
		BD2CD75C1EFCFCA300A60287 /* Debug */ = {
			isa = XCBuildConfiguration;
			buildSettings = {
				ALWAYS_SEARCH_USER_PATHS = NO;
				CLANG_ANALYZER_NONNULL = YES;
				CLANG_CXX_LANGUAGE_STANDARD = "gnu++0x";
				CLANG_CXX_LIBRARY = "libc++";
				CLANG_ENABLE_MODULES = YES;
				CLANG_ENABLE_OBJC_ARC = YES;
				CLANG_WARN_BOOL_CONVERSION = YES;
				CLANG_WARN_CONSTANT_CONVERSION = YES;
				CLANG_WARN_DIRECT_OBJC_ISA_USAGE = YES_ERROR;
				CLANG_WARN_DOCUMENTATION_COMMENTS = YES;
				CLANG_WARN_EMPTY_BODY = YES;
				CLANG_WARN_ENUM_CONVERSION = YES;
				CLANG_WARN_INFINITE_RECURSION = YES;
				CLANG_WARN_INT_CONVERSION = YES;
				CLANG_WARN_OBJC_ROOT_CLASS = YES_ERROR;
				CLANG_WARN_SUSPICIOUS_MOVES = YES;
				CLANG_WARN_UNREACHABLE_CODE = YES;
				CLANG_WARN__DUPLICATE_METHOD_MATCH = YES;
				"CODE_SIGN_IDENTITY[sdk=iphoneos*]" = "iPhone Developer";
				COPY_PHASE_STRIP = NO;
				DEBUG_INFORMATION_FORMAT = dwarf;
				ENABLE_STRICT_OBJC_MSGSEND = YES;
				ENABLE_TESTABILITY = YES;
				GCC_C_LANGUAGE_STANDARD = gnu99;
				GCC_DYNAMIC_NO_PIC = NO;
				GCC_NO_COMMON_BLOCKS = YES;
				GCC_OPTIMIZATION_LEVEL = 0;
				GCC_PREPROCESSOR_DEFINITIONS = (
					"DEBUG=1",
					"$(inherited)",
				);
				GCC_WARN_64_TO_32_BIT_CONVERSION = YES;
				GCC_WARN_ABOUT_RETURN_TYPE = YES_ERROR;
				GCC_WARN_UNDECLARED_SELECTOR = YES;
				GCC_WARN_UNINITIALIZED_AUTOS = YES_AGGRESSIVE;
				GCC_WARN_UNUSED_FUNCTION = YES;
				GCC_WARN_UNUSED_VARIABLE = YES;
				IPHONEOS_DEPLOYMENT_TARGET = 10.0;
				MTL_ENABLE_DEBUG_INFO = YES;
				ONLY_ACTIVE_ARCH = YES;
				SDKROOT = iphoneos;
			};
			name = Debug;
		};
		BD2CD75D1EFCFCA300A60287 /* Release */ = {
			isa = XCBuildConfiguration;
			buildSettings = {
				ALWAYS_SEARCH_USER_PATHS = NO;
				CLANG_ANALYZER_NONNULL = YES;
				CLANG_CXX_LANGUAGE_STANDARD = "gnu++0x";
				CLANG_CXX_LIBRARY = "libc++";
				CLANG_ENABLE_MODULES = YES;
				CLANG_ENABLE_OBJC_ARC = YES;
				CLANG_WARN_BOOL_CONVERSION = YES;
				CLANG_WARN_CONSTANT_CONVERSION = YES;
				CLANG_WARN_DIRECT_OBJC_ISA_USAGE = YES_ERROR;
				CLANG_WARN_DOCUMENTATION_COMMENTS = YES;
				CLANG_WARN_EMPTY_BODY = YES;
				CLANG_WARN_ENUM_CONVERSION = YES;
				CLANG_WARN_INFINITE_RECURSION = YES;
				CLANG_WARN_INT_CONVERSION = YES;
				CLANG_WARN_OBJC_ROOT_CLASS = YES_ERROR;
				CLANG_WARN_SUSPICIOUS_MOVES = YES;
				CLANG_WARN_UNREACHABLE_CODE = YES;
				CLANG_WARN__DUPLICATE_METHOD_MATCH = YES;
				"CODE_SIGN_IDENTITY[sdk=iphoneos*]" = "iPhone Developer";
				COPY_PHASE_STRIP = NO;
				DEBUG_INFORMATION_FORMAT = "dwarf-with-dsym";
				ENABLE_NS_ASSERTIONS = NO;
				ENABLE_STRICT_OBJC_MSGSEND = YES;
				GCC_C_LANGUAGE_STANDARD = gnu99;
				GCC_NO_COMMON_BLOCKS = YES;
				GCC_WARN_64_TO_32_BIT_CONVERSION = YES;
				GCC_WARN_ABOUT_RETURN_TYPE = YES_ERROR;
				GCC_WARN_UNDECLARED_SELECTOR = YES;
				GCC_WARN_UNINITIALIZED_AUTOS = YES_AGGRESSIVE;
				GCC_WARN_UNUSED_FUNCTION = YES;
				GCC_WARN_UNUSED_VARIABLE = YES;
				IPHONEOS_DEPLOYMENT_TARGET = 10.0;
				MTL_ENABLE_DEBUG_INFO = NO;
				SDKROOT = iphoneos;
				VALIDATE_PRODUCT = YES;
			};
			name = Release;
		};
		BD2CD75F1EFCFCA300A60287 /* Debug */ = {
			isa = XCBuildConfiguration;
			buildSettings = {
				ASSETCATALOG_COMPILER_APPICON_NAME = AppIcon;
				DEVELOPMENT_TEAM = BSGYLY83PB;
				INFOPLIST_FILE = Caipiao_app/Info.plist;
				LD_RUNPATH_SEARCH_PATHS = "$(inherited) @executable_path/Frameworks";
				PRODUCT_BUNDLE_IDENTIFIER = "zhongyingshengke.Caipiao-app";
				PRODUCT_NAME = "$(TARGET_NAME)";
			};
			name = Debug;
		};
		BD2CD7601EFCFCA300A60287 /* Release */ = {
			isa = XCBuildConfiguration;
			buildSettings = {
				ASSETCATALOG_COMPILER_APPICON_NAME = AppIcon;
				DEVELOPMENT_TEAM = BSGYLY83PB;
				INFOPLIST_FILE = Caipiao_app/Info.plist;
				LD_RUNPATH_SEARCH_PATHS = "$(inherited) @executable_path/Frameworks";
				PRODUCT_BUNDLE_IDENTIFIER = "zhongyingshengke.Caipiao-app";
				PRODUCT_NAME = "$(TARGET_NAME)";
			};
			name = Release;
		};
		BD2CD7621EFCFCA300A60287 /* Debug */ = {
			isa = XCBuildConfiguration;
			buildSettings = {
				BUNDLE_LOADER = "$(TEST_HOST)";
				DEVELOPMENT_TEAM = BSGYLY83PB;
				INFOPLIST_FILE = Caipiao_appTests/Info.plist;
				LD_RUNPATH_SEARCH_PATHS = "$(inherited) @executable_path/Frameworks @loader_path/Frameworks";
				PRODUCT_BUNDLE_IDENTIFIER = "zhongyingshengke.Caipiao-appTests";
				PRODUCT_NAME = "$(TARGET_NAME)";
				TEST_HOST = "$(BUILT_PRODUCTS_DIR)/Caipiao_app.app/Caipiao_app";
			};
			name = Debug;
		};
		BD2CD7631EFCFCA300A60287 /* Release */ = {
			isa = XCBuildConfiguration;
			buildSettings = {
				BUNDLE_LOADER = "$(TEST_HOST)";
				DEVELOPMENT_TEAM = BSGYLY83PB;
				INFOPLIST_FILE = Caipiao_appTests/Info.plist;
				LD_RUNPATH_SEARCH_PATHS = "$(inherited) @executable_path/Frameworks @loader_path/Frameworks";
				PRODUCT_BUNDLE_IDENTIFIER = "zhongyingshengke.Caipiao-appTests";
				PRODUCT_NAME = "$(TARGET_NAME)";
				TEST_HOST = "$(BUILT_PRODUCTS_DIR)/Caipiao_app.app/Caipiao_app";
			};
			name = Release;
		};
		BD2CD7651EFCFCA300A60287 /* Debug */ = {
			isa = XCBuildConfiguration;
			buildSettings = {
				DEVELOPMENT_TEAM = BSGYLY83PB;
				INFOPLIST_FILE = Caipiao_appUITests/Info.plist;
				LD_RUNPATH_SEARCH_PATHS = "$(inherited) @executable_path/Frameworks @loader_path/Frameworks";
				PRODUCT_BUNDLE_IDENTIFIER = "zhongyingshengke.Caipiao-appUITests";
				PRODUCT_NAME = "$(TARGET_NAME)";
				TEST_TARGET_NAME = Caipiao_app;
			};
			name = Debug;
		};
		BD2CD7661EFCFCA300A60287 /* Release */ = {
			isa = XCBuildConfiguration;
			buildSettings = {
				DEVELOPMENT_TEAM = BSGYLY83PB;
				INFOPLIST_FILE = Caipiao_appUITests/Info.plist;
				LD_RUNPATH_SEARCH_PATHS = "$(inherited) @executable_path/Frameworks @loader_path/Frameworks";
				PRODUCT_BUNDLE_IDENTIFIER = "zhongyingshengke.Caipiao-appUITests";
				PRODUCT_NAME = "$(TARGET_NAME)";
				TEST_TARGET_NAME = Caipiao_app;
			};
			name = Release;
		};
/* End XCBuildConfiguration section */

/* Begin XCConfigurationList section */
		BD2CD72C1EFCFCA300A60287 /* Build configuration list for PBXProject "Caipiao_app" */ = {
			isa = XCConfigurationList;
			buildConfigurations = (
				BD2CD75C1EFCFCA300A60287 /* Debug */,
				BD2CD75D1EFCFCA300A60287 /* Release */,
			);
			defaultConfigurationIsVisible = 0;
			defaultConfigurationName = Release;
		};
		BD2CD75E1EFCFCA300A60287 /* Build configuration list for PBXNativeTarget "Caipiao_app" */ = {
			isa = XCConfigurationList;
			buildConfigurations = (
				BD2CD75F1EFCFCA300A60287 /* Debug */,
				BD2CD7601EFCFCA300A60287 /* Release */,
			);
			defaultConfigurationIsVisible = 0;
		};
		BD2CD7611EFCFCA300A60287 /* Build configuration list for PBXNativeTarget "Caipiao_appTests" */ = {
			isa = XCConfigurationList;
			buildConfigurations = (
				BD2CD7621EFCFCA300A60287 /* Debug */,
				BD2CD7631EFCFCA300A60287 /* Release */,
			);
			defaultConfigurationIsVisible = 0;
		};
		BD2CD7641EFCFCA300A60287 /* Build configuration list for PBXNativeTarget "Caipiao_appUITests" */ = {
			isa = XCConfigurationList;
			buildConfigurations = (
				BD2CD7651EFCFCA300A60287 /* Debug */,
				BD2CD7661EFCFCA300A60287 /* Release */,
			);
			defaultConfigurationIsVisible = 0;
		};
/* End XCConfigurationList section */
	};
	rootObject = BD2CD7291EFCFCA300A60287 /* Project object */;
}
